# This file was autogenerated by Stack.
# You should not edit this file by hand.
# For more information, please see the documentation at:
#   https://docs.haskellstack.org/en/stable/topics/lock_files

packages: []
snapshots:
- completed:
    sha256: 79c3809fdda17296b07f7828977d207be66bac2ba7c81aea447e35aa6c804e8d
    size: 732462
    url: https://raw.githubusercontent.com/commercialhaskell/stackage-snapshots/master/lts/24/62.yaml
  original: lts-24.62
